
Microsoft Visual Studio Solution File, Format Version 12.00
# Visual Studio Version 17
VisualStudioVersion = 17.0.31919.166
MinimumVisualStudioVersion = 10.0.40219.1
Project("{FAE04EC0-301F-11D3-BF4B-00C04F79EFBC}") = "NulleanAndRain.ConsoleGame", "NulleanAndRain.ConsoleGame.csproj", "{909EFFB4-BC1D-4F31-AC5D-18C14C7A3341}"
EndProject
Global
	GlobalSection(SolutionConfigurationPlatforms) = preSolution
		Debug|Any CPU = Debug|Any CPU
		Release|Any CPU = Release|Any CPU
	EndGlobalSection
	GlobalSection(ProjectConfigurationPlatforms) = postSolution
		{909EFFB4-BC1D-4F31-AC5D-18C14C7A3341}.Debug|Any CPU.ActiveCfg = Debug|Any CPU
		{909EFFB4-BC1D-4F31-AC5D-18C14C7A3341}.Debug|Any CPU.Build.0 = Debug|Any CPU
		{909EFFB4-BC1D-4F31-AC5D-18C14C7A3341}.Release|Any CPU.ActiveCfg = Release|Any CPU
		{909EFFB4-BC1D-4F31-AC5D-18C14C7A3341}.Release|Any CPU.Build.0 = Release|Any CPU
	EndGlobalSection
	GlobalSection(SolutionProperties) = preSolution
		HideSolutionNode = FALSE
	EndGlobalSection
	GlobalSection(ExtensibilityGlobals) = postSolution
		SolutionGuid = {821F16BA-2DB6-49FB-B2B1-733D678826B0}
	EndGlobalSection
EndGlobal
